
Microsoft Visual Studio Solution File, Format Version 12.00
# Visual Studio Version 16
VisualStudioVersion = 16.0.31727.386
MinimumVisualStudioVersion = 10.0.40219.1
Project("{FAE04EC0-301F-11D3-BF4B-00C04F79EFBC}") = "Minsait_MVC", "Minsait_MVC\Minsait_MVC.csproj", "{5E373979-B5EF-441F-BE9C-B4E5995545FE}"
EndProject
Global
	GlobalSection(SolutionConfigurationPlatforms) = preSolution
		Debug|Any CPU = Debug|Any CPU
		Release|Any CPU = Release|Any CPU
	EndGlobalSection
	GlobalSection(ProjectConfigurationPlatforms) = postSolution
		{5E373979-B5EF-441F-BE9C-B4E5995545FE}.Debug|Any CPU.ActiveCfg = Debug|Any CPU
		{5E373979-B5EF-441F-BE9C-B4E5995545FE}.Debug|Any CPU.Build.0 = Debug|Any CPU
		{5E373979-B5EF-441F-BE9C-B4E5995545FE}.Release|Any CPU.ActiveCfg = Release|Any CPU
		{5E373979-B5EF-441F-BE9C-B4E5995545FE}.Release|Any CPU.Build.0 = Release|Any CPU
	EndGlobalSection
	GlobalSection(SolutionProperties) = preSolution
		HideSolutionNode = FALSE
	EndGlobalSection
	GlobalSection(ExtensibilityGlobals) = postSolution
		SolutionGuid = {E7588193-576A-4CDD-B41C-F66CE8E2A224}
	EndGlobalSection
EndGlobal
